// !$*UTF8*$!
{
	archiveVersion = 1;
	classes = {
	};
	objectVersion = 51;
	objects = {

/* Begin PBXBuildFile section */
		3B8F2DF625F5B55F00383009 /* UIView+Custom.swift in Sources */ = {isa = PBXBuildFile; fileRef = 3B8F2DEF25F5B55E00383009 /* UIView+Custom.swift */; };
		3B8F2DF725F5B55F00383009 /* CommonAlert.swift in Sources */ = {isa = PBXBuildFile; fileRef = 3B8F2DF025F5B55E00383009 /* CommonAlert.swift */; };
		3B8F2DF825F5B55F00383009 /* Array+rangeCheck.swift in Sources */ = {isa = PBXBuildFile; fileRef = 3B8F2DF125F5B55E00383009 /* Array+rangeCheck.swift */; };
		3B8F2DF925F5B55F00383009 /* Device.swift in Sources */ = {isa = PBXBuildFile; fileRef = 3B8F2DF225F5B55E00383009 /* Device.swift */; };
		3B8F2DFA25F5B55F00383009 /* UIColor+hexColor.swift in Sources */ = {isa = PBXBuildFile; fileRef = 3B8F2DF325F5B55E00383009 /* UIColor+hexColor.swift */; };
		3B8F2DFB25F5B55F00383009 /* UIView+parentViewController.swift in Sources */ = {isa = PBXBuildFile; fileRef = 3B8F2DF425F5B55F00383009 /* UIView+parentViewController.swift */; };
		3B8F2DFC25F5B55F00383009 /* NSObject+getName.swift in Sources */ = {isa = PBXBuildFile; fileRef = 3B8F2DF525F5B55F00383009 /* NSObject+getName.swift */; };
		3B8F2E0125F5B57F00383009 /* MasterViewController.swift in Sources */ = {isa = PBXBuildFile; fileRef = 3B8F2E0025F5B57F00383009 /* MasterViewController.swift */; };
		3B8F2E0725F5B69700383009 /* MasterViewModel.swift in Sources */ = {isa = PBXBuildFile; fileRef = 3B8F2E0625F5B69700383009 /* MasterViewModel.swift */; };
		3B8F2E1225F5B81A00383009 /* SettingViewController.swift in Sources */ = {isa = PBXBuildFile; fileRef = 3B8F2E1125F5B81A00383009 /* SettingViewController.swift */; };
		3B8F2E1A25F5B82800383009 /* PresentationViewController.swift in Sources */ = {isa = PBXBuildFile; fileRef = 3B8F2E1925F5B82800383009 /* PresentationViewController.swift */; };
		3B8F2E1F25F5B83600383009 /* MouseViewController.swift in Sources */ = {isa = PBXBuildFile; fileRef = 3B8F2E1E25F5B83600383009 /* MouseViewController.swift */; };
		3B99D96E25DE94A20061B834 /* AppDelegate.swift in Sources */ = {isa = PBXBuildFile; fileRef = 3B99D96D25DE94A20061B834 /* AppDelegate.swift */; };
		3B99D97225DE94A20061B834 /* KeyboardViewController.swift in Sources */ = {isa = PBXBuildFile; fileRef = 3B99D97125DE94A20061B834 /* KeyboardViewController.swift */; };
		3B99D97525DE94A20061B834 /* Main.storyboard in Resources */ = {isa = PBXBuildFile; fileRef = 3B99D97325DE94A20061B834 /* Main.storyboard */; };
		3B99D97725DE94A30061B834 /* Assets.xcassets in Resources */ = {isa = PBXBuildFile; fileRef = 3B99D97625DE94A30061B834 /* Assets.xcassets */; };
		3B99D97A25DE94A30061B834 /* LaunchScreen.storyboard in Resources */ = {isa = PBXBuildFile; fileRef = 3B99D97825DE94A30061B834 /* LaunchScreen.storyboard */; };
		3B99D98525DE94A30061B834 /* MultikeyousTests.swift in Sources */ = {isa = PBXBuildFile; fileRef = 3B99D98425DE94A30061B834 /* MultikeyousTests.swift */; };
		3B99D99025DE94A30061B834 /* MultikeyousUITests.swift in Sources */ = {isa = PBXBuildFile; fileRef = 3B99D98F25DE94A30061B834 /* MultikeyousUITests.swift */; };
		3BD92F6225F2111000FA8663 /* AppModel.swift in Sources */ = {isa = PBXBuildFile; fileRef = 3BD92F6125F2111000FA8663 /* AppModel.swift */; };
		3BD92F6A25F2112100FA8663 /* AppDataManager.swift in Sources */ = {isa = PBXBuildFile; fileRef = 3BD92F6925F2112100FA8663 /* AppDataManager.swift */; };
		3BD92F7725F212E400FA8663 /* KeyboardModel.swift in Sources */ = {isa = PBXBuildFile; fileRef = 3BD92F7625F212E400FA8663 /* KeyboardModel.swift */; };
		3BD92F7C25F2131700FA8663 /* KeyboardViewModel.swift in Sources */ = {isa = PBXBuildFile; fileRef = 3BD92F7B25F2131700FA8663 /* KeyboardViewModel.swift */; };
		3BD92F8125F2148E00FA8663 /* CommunicationModel.swift in Sources */ = {isa = PBXBuildFile; fileRef = 3BD92F8025F2148E00FA8663 /* CommunicationModel.swift */; };
		A10C8F05A39ECA7A33CA81F8 /* Pods_Multikeyous.framework in Frameworks */ = {isa = PBXBuildFile; fileRef = 8E8D305A3C70AFCD5AE293D3 /* Pods_Multikeyous.framework */; };
		BC659F2DDBFFAF88CA21E573 /* Pods_MultikeyousTests.framework in Frameworks */ = {isa = PBXBuildFile; fileRef = 92C9E00F194DE33417C79D79 /* Pods_MultikeyousTests.framework */; };
		E5D83B0C4E8EB2BE44F1EC08 /* Pods_Multikeyous_MultikeyousUITests.framework in Frameworks */ = {isa = PBXBuildFile; fileRef = 0EDACF49A15C6EC5A9AAA89F /* Pods_Multikeyous_MultikeyousUITests.framework */; };
/* End PBXBuildFile section */

/* Begin PBXContainerItemProxy section */
		3B99D98125DE94A30061B834 /* PBXContainerItemProxy */ = {
			isa = PBXContainerItemProxy;
			containerPortal = 3B99D96225DE94A20061B834 /* Project object */;
			proxyType = 1;
			remoteGlobalIDString = 3B99D96925DE94A20061B834;
			remoteInfo = Multikeyous;
		};
		3B99D98C25DE94A30061B834 /* PBXContainerItemProxy */ = {
			isa = PBXContainerItemProxy;
			containerPortal = 3B99D96225DE94A20061B834 /* Project object */;
			proxyType = 1;
			remoteGlobalIDString = 3B99D96925DE94A20061B834;
			remoteInfo = Multikeyous;
		};
/* End PBXContainerItemProxy section */

/* Begin PBXFileReference section */
		0EDACF49A15C6EC5A9AAA89F /* Pods_Multikeyous_MultikeyousUITests.framework */ = {isa = PBXFileReference; explicitFileType = wrapper.framework; includeInIndex = 0; path = Pods_Multikeyous_MultikeyousUITests.framework; sourceTree = BUILT_PRODUCTS_DIR; };
		1E161CC96C4E9B9980466ADD /* Pods-Multikeyous-MultikeyousUITests.debug.xcconfig */ = {isa = PBXFileReference; includeInIndex = 1; lastKnownFileType = text.xcconfig; name = "Pods-Multikeyous-MultikeyousUITests.debug.xcconfig"; path = "Target Support Files/Pods-Multikeyous-MultikeyousUITests/Pods-Multikeyous-MultikeyousUITests.debug.xcconfig"; sourceTree = "<group>"; };
		3B8F2DEF25F5B55E00383009 /* UIView+Custom.swift */ = {isa = PBXFileReference; fileEncoding = 4; lastKnownFileType = sourcecode.swift; path = "UIView+Custom.swift"; sourceTree = "<group>"; };
		3B8F2DF025F5B55E00383009 /* CommonAlert.swift */ = {isa = PBXFileReference; fileEncoding = 4; lastKnownFileType = sourcecode.swift; path = CommonAlert.swift; sourceTree = "<group>"; };
		3B8F2DF125F5B55E00383009 /* Array+rangeCheck.swift */ = {isa = PBXFileReference; fileEncoding = 4; lastKnownFileType = sourcecode.swift; path = "Array+rangeCheck.swift"; sourceTree = "<group>"; };
		3B8F2DF225F5B55E00383009 /* Device.swift */ = {isa = PBXFileReference; fileEncoding = 4; lastKnownFileType = sourcecode.swift; path = Device.swift; sourceTree = "<group>"; };
		3B8F2DF325F5B55E00383009 /* UIColor+hexColor.swift */ = {isa = PBXFileReference; fileEncoding = 4; lastKnownFileType = sourcecode.swift; path = "UIColor+hexColor.swift"; sourceTree = "<group>"; };
		3B8F2DF425F5B55F00383009 /* UIView+parentViewController.swift */ = {isa = PBXFileReference; fileEncoding = 4; lastKnownFileType = sourcecode.swift; path = "UIView+parentViewController.swift"; sourceTree = "<group>"; };
		3B8F2DF525F5B55F00383009 /* NSObject+getName.swift */ = {isa = PBXFileReference; fileEncoding = 4; lastKnownFileType = sourcecode.swift; path = "NSObject+getName.swift"; sourceTree = "<group>"; };
		3B8F2E0025F5B57F00383009 /* MasterViewController.swift */ = {isa = PBXFileReference; lastKnownFileType = sourcecode.swift; path = MasterViewController.swift; sourceTree = "<group>"; };
		3B8F2E0625F5B69700383009 /* MasterViewModel.swift */ = {isa = PBXFileReference; lastKnownFileType = sourcecode.swift; path = MasterViewModel.swift; sourceTree = "<group>"; };
		3B8F2E1125F5B81A00383009 /* SettingViewController.swift */ = {isa = PBXFileReference; lastKnownFileType = sourcecode.swift; path = SettingViewController.swift; sourceTree = "<group>"; };
		3B8F2E1925F5B82800383009 /* PresentationViewController.swift */ = {isa = PBXFileReference; lastKnownFileType = sourcecode.swift; path = PresentationViewController.swift; sourceTree = "<group>"; };
		3B8F2E1E25F5B83600383009 /* MouseViewController.swift */ = {isa = PBXFileReference; lastKnownFileType = sourcecode.swift; path = MouseViewController.swift; sourceTree = "<group>"; };
		3B99D96A25DE94A20061B834 /* Multikeyous.app */ = {isa = PBXFileReference; explicitFileType = wrapper.application; includeInIndex = 0; path = Multikeyous.app; sourceTree = BUILT_PRODUCTS_DIR; };
		3B99D96D25DE94A20061B834 /* AppDelegate.swift */ = {isa = PBXFileReference; lastKnownFileType = sourcecode.swift; path = AppDelegate.swift; sourceTree = "<group>"; };
		3B99D97125DE94A20061B834 /* KeyboardViewController.swift */ = {isa = PBXFileReference; lastKnownFileType = sourcecode.swift; path = KeyboardViewController.swift; sourceTree = "<group>"; };
		3B99D97425DE94A20061B834 /* Base */ = {isa = PBXFileReference; lastKnownFileType = file.storyboard; name = Base; path = Base.lproj/Main.storyboard; sourceTree = "<group>"; };
		3B99D97625DE94A30061B834 /* Assets.xcassets */ = {isa = PBXFileReference; lastKnownFileType = folder.assetcatalog; path = Assets.xcassets; sourceTree = "<group>"; };
		3B99D97925DE94A30061B834 /* Base */ = {isa = PBXFileReference; lastKnownFileType = file.storyboard; name = Base; path = Base.lproj/LaunchScreen.storyboard; sourceTree = "<group>"; };
		3B99D97B25DE94A30061B834 /* Info.plist */ = {isa = PBXFileReference; lastKnownFileType = text.plist.xml; path = Info.plist; sourceTree = "<group>"; };
		3B99D98025DE94A30061B834 /* MultikeyousTests.xctest */ = {isa = PBXFileReference; explicitFileType = wrapper.cfbundle; includeInIndex = 0; path = MultikeyousTests.xctest; sourceTree = BUILT_PRODUCTS_DIR; };
		3B99D98425DE94A30061B834 /* MultikeyousTests.swift */ = {isa = PBXFileReference; lastKnownFileType = sourcecode.swift; path = MultikeyousTests.swift; sourceTree = "<group>"; };
		3B99D98625DE94A30061B834 /* Info.plist */ = {isa = PBXFileReference; lastKnownFileType = text.plist.xml; path = Info.plist; sourceTree = "<group>"; };
		3B99D98B25DE94A30061B834 /* MultikeyousUITests.xctest */ = {isa = PBXFileReference; explicitFileType = wrapper.cfbundle; includeInIndex = 0; path = MultikeyousUITests.xctest; sourceTree = BUILT_PRODUCTS_DIR; };
		3B99D98F25DE94A30061B834 /* MultikeyousUITests.swift */ = {isa = PBXFileReference; lastKnownFileType = sourcecode.swift; path = MultikeyousUITests.swift; sourceTree = "<group>"; };
		3B99D99125DE94A30061B834 /* Info.plist */ = {isa = PBXFileReference; lastKnownFileType = text.plist.xml; path = Info.plist; sourceTree = "<group>"; };
		3BD92F6125F2111000FA8663 /* AppModel.swift */ = {isa = PBXFileReference; lastKnownFileType = sourcecode.swift; path = AppModel.swift; sourceTree = "<group>"; };
		3BD92F6925F2112100FA8663 /* AppDataManager.swift */ = {isa = PBXFileReference; lastKnownFileType = sourcecode.swift; path = AppDataManager.swift; sourceTree = "<group>"; };
		3BD92F7625F212E400FA8663 /* KeyboardModel.swift */ = {isa = PBXFileReference; lastKnownFileType = sourcecode.swift; path = KeyboardModel.swift; sourceTree = "<group>"; };
		3BD92F7B25F2131700FA8663 /* KeyboardViewModel.swift */ = {isa = PBXFileReference; lastKnownFileType = sourcecode.swift; path = KeyboardViewModel.swift; sourceTree = "<group>"; };
		3BD92F8025F2148E00FA8663 /* CommunicationModel.swift */ = {isa = PBXFileReference; lastKnownFileType = sourcecode.swift; path = CommunicationModel.swift; sourceTree = "<group>"; };
		41842BBA385BC840924E7DF2 /* Pods-MultikeyousTests.release.xcconfig */ = {isa = PBXFileReference; includeInIndex = 1; lastKnownFileType = text.xcconfig; name = "Pods-MultikeyousTests.release.xcconfig"; path = "Target Support Files/Pods-MultikeyousTests/Pods-MultikeyousTests.release.xcconfig"; sourceTree = "<group>"; };
		4C3505866C6264439EEEC9EC /* Pods-MultikeyousTests.debug.xcconfig */ = {isa = PBXFileReference; includeInIndex = 1; lastKnownFileType = text.xcconfig; name = "Pods-MultikeyousTests.debug.xcconfig"; path = "Target Support Files/Pods-MultikeyousTests/Pods-MultikeyousTests.debug.xcconfig"; sourceTree = "<group>"; };
		500CFFC034362F9364C3A663 /* Pods-Multikeyous.release.xcconfig */ = {isa = PBXFileReference; includeInIndex = 1; lastKnownFileType = text.xcconfig; name = "Pods-Multikeyous.release.xcconfig"; path = "Target Support Files/Pods-Multikeyous/Pods-Multikeyous.release.xcconfig"; sourceTree = "<group>"; };
		843818547249A423D1430CAB /* Pods-Multikeyous.debug.xcconfig */ = {isa = PBXFileReference; includeInIndex = 1; lastKnownFileType = text.xcconfig; name = "Pods-Multikeyous.debug.xcconfig"; path = "Target Support Files/Pods-Multikeyous/Pods-Multikeyous.debug.xcconfig"; sourceTree = "<group>"; };
		8E8D305A3C70AFCD5AE293D3 /* Pods_Multikeyous.framework */ = {isa = PBXFileReference; explicitFileType = wrapper.framework; includeInIndex = 0; path = Pods_Multikeyous.framework; sourceTree = BUILT_PRODUCTS_DIR; };
		92C9E00F194DE33417C79D79 /* Pods_MultikeyousTests.framework */ = {isa = PBXFileReference; explicitFileType = wrapper.framework; includeInIndex = 0; path = Pods_MultikeyousTests.framework; sourceTree = BUILT_PRODUCTS_DIR; };
		DA587ADE572FB928319582BA /* Pods-Multikeyous-MultikeyousUITests.release.xcconfig */ = {isa = PBXFileReference; includeInIndex = 1; lastKnownFileType = text.xcconfig; name = "Pods-Multikeyous-MultikeyousUITests.release.xcconfig"; path = "Target Support Files/Pods-Multikeyous-MultikeyousUITests/Pods-Multikeyous-MultikeyousUITests.release.xcconfig"; sourceTree = "<group>"; };
/* End PBXFileReference section */

/* Begin PBXFrameworksBuildPhase section */
		3B99D96725DE94A20061B834 /* Frameworks */ = {
			isa = PBXFrameworksBuildPhase;
			buildActionMask = 2147483647;
			files = (
				A10C8F05A39ECA7A33CA81F8 /* Pods_Multikeyous.framework in Frameworks */,
			);
			runOnlyForDeploymentPostprocessing = 0;
		};
		3B99D97D25DE94A30061B834 /* Frameworks */ = {
			isa = PBXFrameworksBuildPhase;
			buildActionMask = 2147483647;
			files = (
				BC659F2DDBFFAF88CA21E573 /* Pods_MultikeyousTests.framework in Frameworks */,
			);
			runOnlyForDeploymentPostprocessing = 0;
		};
		3B99D98825DE94A30061B834 /* Frameworks */ = {
			isa = PBXFrameworksBuildPhase;
			buildActionMask = 2147483647;
			files = (
				E5D83B0C4E8EB2BE44F1EC08 /* Pods_Multikeyous_MultikeyousUITests.framework in Frameworks */,
			);
			runOnlyForDeploymentPostprocessing = 0;
		};
/* End PBXFrameworksBuildPhase section */

/* Begin PBXGroup section */
		11A9CFA8B21EA2D398365C0C /* Pods */ = {
			isa = PBXGroup;
			children = (
				843818547249A423D1430CAB /* Pods-Multikeyous.debug.xcconfig */,
				500CFFC034362F9364C3A663 /* Pods-Multikeyous.release.xcconfig */,
				1E161CC96C4E9B9980466ADD /* Pods-Multikeyous-MultikeyousUITests.debug.xcconfig */,
				DA587ADE572FB928319582BA /* Pods-Multikeyous-MultikeyousUITests.release.xcconfig */,
				4C3505866C6264439EEEC9EC /* Pods-MultikeyousTests.debug.xcconfig */,
				41842BBA385BC840924E7DF2 /* Pods-MultikeyousTests.release.xcconfig */,
			);
			path = Pods;
			sourceTree = "<group>";
		};
		3B8F2DEB25F5B50A00383009 /* extenstion */ = {
			isa = PBXGroup;
			children = (
				3B8F2DF125F5B55E00383009 /* Array+rangeCheck.swift */,
				3B8F2DF025F5B55E00383009 /* CommonAlert.swift */,
				3B8F2DF225F5B55E00383009 /* Device.swift */,
				3B8F2DF525F5B55F00383009 /* NSObject+getName.swift */,
				3B8F2DF325F5B55E00383009 /* UIColor+hexColor.swift */,
				3B8F2DEF25F5B55E00383009 /* UIView+Custom.swift */,
				3B8F2DF425F5B55F00383009 /* UIView+parentViewController.swift */,
			);
			path = extenstion;
			sourceTree = "<group>";
		};
		3B8F2E0E25F5B7DB00383009 /* ModeForMouse */ = {
			isa = PBXGroup;
			children = (
				3B8F2E1E25F5B83600383009 /* MouseViewController.swift */,
			);
			path = ModeForMouse;
			sourceTree = "<group>";
		};
		3B8F2E0F25F5B7EE00383009 /* ModeForPresent */ = {
			isa = PBXGroup;
			children = (
				3B8F2E1925F5B82800383009 /* PresentationViewController.swift */,
			);
			path = ModeForPresent;
			sourceTree = "<group>";
		};
		3B8F2E1025F5B7FC00383009 /* Setting */ = {
			isa = PBXGroup;
			children = (
				3B8F2E1125F5B81A00383009 /* SettingViewController.swift */,
			);
			path = Setting;
			sourceTree = "<group>";
		};
		3B99D96125DE94A20061B834 = {
			isa = PBXGroup;
			children = (
				3B99D96C25DE94A20061B834 /* Multikeyous */,
				3B99D98325DE94A30061B834 /* MultikeyousTests */,
				3B99D98E25DE94A30061B834 /* MultikeyousUITests */,
				3B99D96B25DE94A20061B834 /* Products */,
				11A9CFA8B21EA2D398365C0C /* Pods */,
				A48613FF1420D955708381C7 /* Frameworks */,
			);
			sourceTree = "<group>";
		};
		3B99D96B25DE94A20061B834 /* Products */ = {
			isa = PBXGroup;
			children = (
				3B99D96A25DE94A20061B834 /* Multikeyous.app */,
				3B99D98025DE94A30061B834 /* MultikeyousTests.xctest */,
				3B99D98B25DE94A30061B834 /* MultikeyousUITests.xctest */,
			);
			name = Products;
			sourceTree = "<group>";
		};
		3B99D96C25DE94A20061B834 /* Multikeyous */ = {
			isa = PBXGroup;
			children = (
				3B99D97B25DE94A30061B834 /* Info.plist */,
				3B99D96D25DE94A20061B834 /* AppDelegate.swift */,
				3B99D97625DE94A30061B834 /* Assets.xcassets */,
				3B8F2DEB25F5B50A00383009 /* extenstion */,
				3BD92F6E25F2125E00FA8663 /* HeaderTabbar */,
				3B99D97825DE94A30061B834 /* LaunchScreen.storyboard */,
				3B99D97325DE94A20061B834 /* Main.storyboard */,
				3BD92F6025F210F100FA8663 /* Manager */,
			);
			path = Multikeyous;
			sourceTree = "<group>";
		};
		3B99D98325DE94A30061B834 /* MultikeyousTests */ = {
			isa = PBXGroup;
			children = (
				3B99D98425DE94A30061B834 /* MultikeyousTests.swift */,
				3B99D98625DE94A30061B834 /* Info.plist */,
			);
			path = MultikeyousTests;
			sourceTree = "<group>";
		};
		3B99D98E25DE94A30061B834 /* MultikeyousUITests */ = {
			isa = PBXGroup;
			children = (
				3B99D98F25DE94A30061B834 /* MultikeyousUITests.swift */,
				3B99D99125DE94A30061B834 /* Info.plist */,
			);
			path = MultikeyousUITests;
			sourceTree = "<group>";
		};
		3BD92F6025F210F100FA8663 /* Manager */ = {
			isa = PBXGroup;
			children = (
				3BD92F6125F2111000FA8663 /* AppModel.swift */,
				3BD92F6925F2112100FA8663 /* AppDataManager.swift */,
				3BD92F8025F2148E00FA8663 /* CommunicationModel.swift */,
			);
			path = Manager;
			sourceTree = "<group>";
		};
		3BD92F6E25F2125E00FA8663 /* HeaderTabbar */ = {
			isa = PBXGroup;
			children = (
				3B8F2E0025F5B57F00383009 /* MasterViewController.swift */,
				3B8F2E0625F5B69700383009 /* MasterViewModel.swift */,
				3BD92F6F25F2128200FA8663 /* ModeForKeyboard */,
				3B8F2E0E25F5B7DB00383009 /* ModeForMouse */,
				3B8F2E0F25F5B7EE00383009 /* ModeForPresent */,
				3B8F2E1025F5B7FC00383009 /* Setting */,
			);
			path = HeaderTabbar;
			sourceTree = "<group>";
		};
		3BD92F6F25F2128200FA8663 /* ModeForKeyboard */ = {
			isa = PBXGroup;
			children = (
				3B99D97125DE94A20061B834 /* KeyboardViewController.swift */,
				3BD92F7625F212E400FA8663 /* KeyboardModel.swift */,
				3BD92F7B25F2131700FA8663 /* KeyboardViewModel.swift */,
			);
			path = ModeForKeyboard;
			sourceTree = "<group>";
		};
		A48613FF1420D955708381C7 /* Frameworks */ = {
			isa = PBXGroup;
			children = (
				8E8D305A3C70AFCD5AE293D3 /* Pods_Multikeyous.framework */,
				0EDACF49A15C6EC5A9AAA89F /* Pods_Multikeyous_MultikeyousUITests.framework */,
				92C9E00F194DE33417C79D79 /* Pods_MultikeyousTests.framework */,
			);
			name = Frameworks;
			sourceTree = "<group>";
		};
/* End PBXGroup section */

/* Begin PBXNativeTarget section */
		3B99D96925DE94A20061B834 /* Multikeyous */ = {
			isa = PBXNativeTarget;
			buildConfigurationList = 3B99D99425DE94A30061B834 /* Build configuration list for PBXNativeTarget "Multikeyous" */;
			buildPhases = (
				DEAC114115EE906D8B4DF5F5 /* [CP] Check Pods Manifest.lock */,
				3B99D96625DE94A20061B834 /* Sources */,
				3B99D96725DE94A20061B834 /* Frameworks */,
				3B99D96825DE94A20061B834 /* Resources */,
				899297173177252DE545D825 /* [CP] Embed Pods Frameworks */,
			);
			buildRules = (
			);
			dependencies = (
			);
			name = Multikeyous;
			productName = Multikeyous;
			productReference = 3B99D96A25DE94A20061B834 /* Multikeyous.app */;
			productType = "com.apple.product-type.application";
		};
		3B99D97F25DE94A30061B834 /* MultikeyousTests */ = {
			isa = PBXNativeTarget;
			buildConfigurationList = 3B99D99725DE94A30061B834 /* Build configuration list for PBXNativeTarget "MultikeyousTests" */;
			buildPhases = (
				F7A4A379CA995FB1907BA251 /* [CP] Check Pods Manifest.lock */,
				3B99D97C25DE94A30061B834 /* Sources */,
				3B99D97D25DE94A30061B834 /* Frameworks */,
				3B99D97E25DE94A30061B834 /* Resources */,
			);
			buildRules = (
			);
			dependencies = (
				3B99D98225DE94A30061B834 /* PBXTargetDependency */,
			);
			name = MultikeyousTests;
			productName = MultikeyousTests;
			productReference = 3B99D98025DE94A30061B834 /* MultikeyousTests.xctest */;
			productType = "com.apple.product-type.bundle.unit-test";
		};
		3B99D98A25DE94A30061B834 /* MultikeyousUITests */ = {
			isa = PBXNativeTarget;
			buildConfigurationList = 3B99D99A25DE94A30061B834 /* Build configuration list for PBXNativeTarget "MultikeyousUITests" */;
			buildPhases = (
				07FD5A3A55D3A8573F77B178 /* [CP] Check Pods Manifest.lock */,
				3B99D98725DE94A30061B834 /* Sources */,
				3B99D98825DE94A30061B834 /* Frameworks */,
				3B99D98925DE94A30061B834 /* Resources */,
				1023E1A464B53942716F60E5 /* [CP] Embed Pods Frameworks */,
			);
			buildRules = (
			);
			dependencies = (
				3B99D98D25DE94A30061B834 /* PBXTargetDependency */,
			);
			name = MultikeyousUITests;
			productName = MultikeyousUITests;
			productReference = 3B99D98B25DE94A30061B834 /* MultikeyousUITests.xctest */;
			productType = "com.apple.product-type.bundle.ui-testing";
		};
/* End PBXNativeTarget section */

/* Begin PBXProject section */
		3B99D96225DE94A20061B834 /* Project object */ = {
			isa = PBXProject;
			attributes = {
				LastSwiftUpdateCheck = 1240;
				LastUpgradeCheck = 1240;
				TargetAttributes = {
					3B99D96925DE94A20061B834 = {
						CreatedOnToolsVersion = 12.4;
					};
					3B99D97F25DE94A30061B834 = {
						CreatedOnToolsVersion = 12.4;
						TestTargetID = 3B99D96925DE94A20061B834;
					};
					3B99D98A25DE94A30061B834 = {
						CreatedOnToolsVersion = 12.4;
						TestTargetID = 3B99D96925DE94A20061B834;
					};
				};
			};
			buildConfigurationList = 3B99D96525DE94A20061B834 /* Build configuration list for PBXProject "Multikeyous" */;
			compatibilityVersion = "Xcode 9.3";
			developmentRegion = en;
			hasScannedForEncodings = 0;
			knownRegions = (
				en,
				Base,
			);
			mainGroup = 3B99D96125DE94A20061B834;
			productRefGroup = 3B99D96B25DE94A20061B834 /* Products */;
			projectDirPath = "";
			projectRoot = "";
			targets = (
				3B99D96925DE94A20061B834 /* Multikeyous */,
				3B99D97F25DE94A30061B834 /* MultikeyousTests */,
				3B99D98A25DE94A30061B834 /* MultikeyousUITests */,
			);
		};
/* End PBXProject section */

/* Begin PBXResourcesBuildPhase section */
		3B99D96825DE94A20061B834 /* Resources */ = {
			isa = PBXResourcesBuildPhase;
			buildActionMask = 2147483647;
			files = (
				3B99D97A25DE94A30061B834 /* LaunchScreen.storyboard in Resources */,
				3B99D97725DE94A30061B834 /* Assets.xcassets in Resources */,
				3B99D97525DE94A20061B834 /* Main.storyboard in Resources */,
			);
			runOnlyForDeploymentPostprocessing = 0;
		};
		3B99D97E25DE94A30061B834 /* Resources */ = {
			isa = PBXResourcesBuildPhase;
			buildActionMask = 2147483647;
			files = (
			);
			runOnlyForDeploymentPostprocessing = 0;
		};
		3B99D98925DE94A30061B834 /* Resources */ = {
			isa = PBXResourcesBuildPhase;
			buildActionMask = 2147483647;
			files = (
			);
			runOnlyForDeploymentPostprocessing = 0;
		};
/* End PBXResourcesBuildPhase section */

/* Begin PBXShellScriptBuildPhase section */
		07FD5A3A55D3A8573F77B178 /* [CP] Check Pods Manifest.lock */ = {
			isa = PBXShellScriptBuildPhase;
			buildActionMask = 2147483647;
			files = (
			);
			inputFileListPaths = (
			);
			inputPaths = (
				"${PODS_PODFILE_DIR_PATH}/Podfile.lock",
				"${PODS_ROOT}/Manifest.lock",
			);
			name = "[CP] Check Pods Manifest.lock";
			outputFileListPaths = (
			);
			outputPaths = (
				"$(DERIVED_FILE_DIR)/Pods-Multikeyous-MultikeyousUITests-checkManifestLockResult.txt",
			);
			runOnlyForDeploymentPostprocessing = 0;
			shellPath = /bin/sh;
			shellScript = "diff \"${PODS_PODFILE_DIR_PATH}/Podfile.lock\" \"${PODS_ROOT}/Manifest.lock\" > /dev/null\nif [ $? != 0 ] ; then\n    # print error to STDERR\n    echo \"error: The sandbox is not in sync with the Podfile.lock. Run 'pod install' or update your CocoaPods installation.\" >&2\n    exit 1\nfi\n# This output is used by Xcode 'outputs' to avoid re-running this script phase.\necho \"SUCCESS\" > \"${SCRIPT_OUTPUT_FILE_0}\"\n";
			showEnvVarsInLog = 0;
		};
		1023E1A464B53942716F60E5 /* [CP] Embed Pods Frameworks */ = {
			isa = PBXShellScriptBuildPhase;
			buildActionMask = 2147483647;
			files = (
			);
			inputFileListPaths = (
				"${PODS_ROOT}/Target Support Files/Pods-Multikeyous-MultikeyousUITests/Pods-Multikeyous-MultikeyousUITests-frameworks-${CONFIGURATION}-input-files.xcfilelist",
			);
			name = "[CP] Embed Pods Frameworks";
			outputFileListPaths = (
				"${PODS_ROOT}/Target Support Files/Pods-Multikeyous-MultikeyousUITests/Pods-Multikeyous-MultikeyousUITests-frameworks-${CONFIGURATION}-output-files.xcfilelist",
			);
			runOnlyForDeploymentPostprocessing = 0;
			shellPath = /bin/sh;
			shellScript = "\"${PODS_ROOT}/Target Support Files/Pods-Multikeyous-MultikeyousUITests/Pods-Multikeyous-MultikeyousUITests-frameworks.sh\"\n";
			showEnvVarsInLog = 0;
		};
		899297173177252DE545D825 /* [CP] Embed Pods Frameworks */ = {
			isa = PBXShellScriptBuildPhase;
			buildActionMask = 2147483647;
			files = (
			);
			inputFileListPaths = (
				"${PODS_ROOT}/Target Support Files/Pods-Multikeyous/Pods-Multikeyous-frameworks-${CONFIGURATION}-input-files.xcfilelist",
			);
			name = "[CP] Embed Pods Frameworks";
			outputFileListPaths = (
				"${PODS_ROOT}/Target Support Files/Pods-Multikeyous/Pods-Multikeyous-frameworks-${CONFIGURATION}-output-files.xcfilelist",
			);
			runOnlyForDeploymentPostprocessing = 0;
			shellPath = /bin/sh;
			shellScript = "\"${PODS_ROOT}/Target Support Files/Pods-Multikeyous/Pods-Multikeyous-frameworks.sh\"\n";
			showEnvVarsInLog = 0;
		};
		DEAC114115EE906D8B4DF5F5 /* [CP] Check Pods Manifest.lock */ = {
			isa = PBXShellScriptBuildPhase;
			buildActionMask = 2147483647;
			files = (
			);
			inputFileListPaths = (
			);
			inputPaths = (
				"${PODS_PODFILE_DIR_PATH}/Podfile.lock",
				"${PODS_ROOT}/Manifest.lock",
			);
			name = "[CP] Check Pods Manifest.lock";
			outputFileListPaths = (
			);
			outputPaths = (
				"$(DERIVED_FILE_DIR)/Pods-Multikeyous-checkManifestLockResult.txt",
			);
			runOnlyForDeploymentPostprocessing = 0;
			shellPath = /bin/sh;
			shellScript = "diff \"${PODS_PODFILE_DIR_PATH}/Podfile.lock\" \"${PODS_ROOT}/Manifest.lock\" > /dev/null\nif [ $? != 0 ] ; then\n    # print error to STDERR\n    echo \"error: The sandbox is not in sync with the Podfile.lock. Run 'pod install' or update your CocoaPods installation.\" >&2\n    exit 1\nfi\n# This output is used by Xcode 'outputs' to avoid re-running this script phase.\necho \"SUCCESS\" > \"${SCRIPT_OUTPUT_FILE_0}\"\n";
			showEnvVarsInLog = 0;
		};
		F7A4A379CA995FB1907BA251 /* [CP] Check Pods Manifest.lock */ = {
			isa = PBXShellScriptBuildPhase;
			buildActionMask = 2147483647;
			files = (
			);
			inputFileListPaths = (
			);
			inputPaths = (
				"${PODS_PODFILE_DIR_PATH}/Podfile.lock",
				"${PODS_ROOT}/Manifest.lock",
			);
			name = "[CP] Check Pods Manifest.lock";
			outputFileListPaths = (
			);
			outputPaths = (
				"$(DERIVED_FILE_DIR)/Pods-MultikeyousTests-checkManifestLockResult.txt",
			);
			runOnlyForDeploymentPostprocessing = 0;
			shellPath = /bin/sh;
			shellScript = "diff \"${PODS_PODFILE_DIR_PATH}/Podfile.lock\" \"${PODS_ROOT}/Manifest.lock\" > /dev/null\nif [ $? != 0 ] ; then\n    # print error to STDERR\n    echo \"error: The sandbox is not in sync with the Podfile.lock. Run 'pod install' or update your CocoaPods installation.\" >&2\n    exit 1\nfi\n# This output is used by Xcode 'outputs' to avoid re-running this script phase.\necho \"SUCCESS\" > \"${SCRIPT_OUTPUT_FILE_0}\"\n";
			showEnvVarsInLog = 0;
		};
/* End PBXShellScriptBuildPhase section */

/* Begin PBXSourcesBuildPhase section */
		3B99D96625DE94A20061B834 /* Sources */ = {
			isa = PBXSourcesBuildPhase;
			buildActionMask = 2147483647;
			files = (
				3B8F2DF925F5B55F00383009 /* Device.swift in Sources */,
				3BD92F7725F212E400FA8663 /* KeyboardModel.swift in Sources */,
				3B8F2DF725F5B55F00383009 /* CommonAlert.swift in Sources */,
				3B99D97225DE94A20061B834 /* KeyboardViewController.swift in Sources */,
				3B8F2E1F25F5B83600383009 /* MouseViewController.swift in Sources */,
				3B8F2E1A25F5B82800383009 /* PresentationViewController.swift in Sources */,
				3BD92F6A25F2112100FA8663 /* AppDataManager.swift in Sources */,
				3B8F2E1225F5B81A00383009 /* SettingViewController.swift in Sources */,
				3B8F2E0125F5B57F00383009 /* MasterViewController.swift in Sources */,
				3B8F2DF825F5B55F00383009 /* Array+rangeCheck.swift in Sources */,
				3BD92F6225F2111000FA8663 /* AppModel.swift in Sources */,
				3B8F2E0725F5B69700383009 /* MasterViewModel.swift in Sources */,
				3BD92F8125F2148E00FA8663 /* CommunicationModel.swift in Sources */,
				3B8F2DF625F5B55F00383009 /* UIView+Custom.swift in Sources */,
				3B8F2DFB25F5B55F00383009 /* UIView+parentViewController.swift in Sources */,
				3B8F2DFA25F5B55F00383009 /* UIColor+hexColor.swift in Sources */,
				3B99D96E25DE94A20061B834 /* AppDelegate.swift in Sources */,
				3BD92F7C25F2131700FA8663 /* KeyboardViewModel.swift in Sources */,
				3B8F2DFC25F5B55F00383009 /* NSObject+getName.swift in Sources */,
			);
			runOnlyForDeploymentPostprocessing = 0;
		};
		3B99D97C25DE94A30061B834 /* Sources */ = {
			isa = PBXSourcesBuildPhase;
			buildActionMask = 2147483647;
			files = (
				3B99D98525DE94A30061B834 /* MultikeyousTests.swift in Sources */,
			);
			runOnlyForDeploymentPostprocessing = 0;
		};
		3B99D98725DE94A30061B834 /* Sources */ = {
			isa = PBXSourcesBuildPhase;
			buildActionMask = 2147483647;
			files = (
				3B99D99025DE94A30061B834 /* MultikeyousUITests.swift in Sources */,
			);
			runOnlyForDeploymentPostprocessing = 0;
		};
/* End PBXSourcesBuildPhase section */

/* Begin PBXTargetDependency section */
		3B99D98225DE94A30061B834 /* PBXTargetDependency */ = {
			isa = PBXTargetDependency;
			target = 3B99D96925DE94A20061B834 /* Multikeyous */;
			targetProxy = 3B99D98125DE94A30061B834 /* PBXContainerItemProxy */;
		};
		3B99D98D25DE94A30061B834 /* PBXTargetDependency */ = {
			isa = PBXTargetDependency;
			target = 3B99D96925DE94A20061B834 /* Multikeyous */;
			targetProxy = 3B99D98C25DE94A30061B834 /* PBXContainerItemProxy */;
		};
/* End PBXTargetDependency section */

/* Begin PBXVariantGroup section */
		3B99D97325DE94A20061B834 /* Main.storyboard */ = {
			isa = PBXVariantGroup;
			children = (
				3B99D97425DE94A20061B834 /* Base */,
			);
			name = Main.storyboard;
			sourceTree = "<group>";
		};
		3B99D97825DE94A30061B834 /* LaunchScreen.storyboard */ = {
			isa = PBXVariantGroup;
			children = (
				3B99D97925DE94A30061B834 /* Base */,
			);
			name = LaunchScreen.storyboard;
			sourceTree = "<group>";
		};
/* End PBXVariantGroup section */

/* Begin XCBuildConfiguration section */
		3B99D99225DE94A30061B834 /* Debug */ = {
			isa = XCBuildConfiguration;
			buildSettings = {
				ALWAYS_SEARCH_USER_PATHS = NO;
				CLANG_ANALYZER_NONNULL = YES;
				CLANG_ANALYZER_NUMBER_OBJECT_CONVERSION = YES_AGGRESSIVE;
				CLANG_CXX_LANGUAGE_STANDARD = "gnu++14";
				CLANG_CXX_LIBRARY = "libc++";
				CLANG_ENABLE_MODULES = YES;
				CLANG_ENABLE_OBJC_ARC = YES;
				CLANG_ENABLE_OBJC_WEAK = YES;
				CLANG_WARN_BLOCK_CAPTURE_AUTORELEASING = YES;
				CLANG_WARN_BOOL_CONVERSION = YES;
				CLANG_WARN_COMMA = YES;
				CLANG_WARN_CONSTANT_CONVERSION = YES;
				CLANG_WARN_DEPRECATED_OBJC_IMPLEMENTATIONS = YES;
				CLANG_WARN_DIRECT_OBJC_ISA_USAGE = YES_ERROR;
				CLANG_WARN_DOCUMENTATION_COMMENTS = YES;
				CLANG_WARN_EMPTY_BODY = YES;
				CLANG_WARN_ENUM_CONVERSION = YES;
				CLANG_WARN_INFINITE_RECURSION = YES;
				CLANG_WARN_INT_CONVERSION = YES;
				CLANG_WARN_NON_LITERAL_NULL_CONVERSION = YES;
				CLANG_WARN_OBJC_IMPLICIT_RETAIN_SELF = YES;
				CLANG_WARN_OBJC_LITERAL_CONVERSION = YES;
				CLANG_WARN_OBJC_ROOT_CLASS = YES_ERROR;
				CLANG_WARN_QUOTED_INCLUDE_IN_FRAMEWORK_HEADER = YES;
				CLANG_WARN_RANGE_LOOP_ANALYSIS = YES;
				CLANG_WARN_STRICT_PROTOTYPES = YES;
				CLANG_WARN_SUSPICIOUS_MOVE = YES;
				CLANG_WARN_UNGUARDED_AVAILABILITY = YES_AGGRESSIVE;
				CLANG_WARN_UNREACHABLE_CODE = YES;
				CLANG_WARN__DUPLICATE_METHOD_MATCH = YES;
				COPY_PHASE_STRIP = NO;
				DEBUG_INFORMATION_FORMAT = dwarf;
				ENABLE_STRICT_OBJC_MSGSEND = YES;
				ENABLE_TESTABILITY = YES;
				GCC_C_LANGUAGE_STANDARD = gnu11;
				GCC_DYNAMIC_NO_PIC = NO;
				GCC_NO_COMMON_BLOCKS = YES;
				GCC_OPTIMIZATION_LEVEL = 0;
				GCC_PREPROCESSOR_DEFINITIONS = (
					"DEBUG=1",
					"$(inherited)",
				);
				GCC_WARN_64_TO_32_BIT_CONVERSION = YES;
				GCC_WARN_ABOUT_RETURN_TYPE = YES_ERROR;
				GCC_WARN_UNDECLARED_SELECTOR = YES;
				GCC_WARN_UNINITIALIZED_AUTOS = YES_AGGRESSIVE;
				GCC_WARN_UNUSED_FUNCTION = YES;
				GCC_WARN_UNUSED_VARIABLE = YES;
				IPHONEOS_DEPLOYMENT_TARGET = 11.0;
				MTL_ENABLE_DEBUG_INFO = INCLUDE_SOURCE;
				MTL_FAST_MATH = YES;
				ONLY_ACTIVE_ARCH = YES;
				SDKROOT = iphoneos;
				SWIFT_ACTIVE_COMPILATION_CONDITIONS = DEBUG;
				SWIFT_OPTIMIZATION_LEVEL = "-Onone";
			};
			name = Debug;
		};
		3B99D99325DE94A30061B834 /* Release */ = {
			isa = XCBuildConfiguration;
			buildSettings = {
				ALWAYS_SEARCH_USER_PATHS = NO;
				CLANG_ANALYZER_NONNULL = YES;
				CLANG_ANALYZER_NUMBER_OBJECT_CONVERSION = YES_AGGRESSIVE;
				CLANG_CXX_LANGUAGE_STANDARD = "gnu++14";
				CLANG_CXX_LIBRARY = "libc++";
				CLANG_ENABLE_MODULES = YES;
				CLANG_ENABLE_OBJC_ARC = YES;
				CLANG_ENABLE_OBJC_WEAK = YES;
				CLANG_WARN_BLOCK_CAPTURE_AUTORELEASING = YES;
				CLANG_WARN_BOOL_CONVERSION = YES;
				CLANG_WARN_COMMA = YES;
				CLANG_WARN_CONSTANT_CONVERSION = YES;
				CLANG_WARN_DEPRECATED_OBJC_IMPLEMENTATIONS = YES;
				CLANG_WARN_DIRECT_OBJC_ISA_USAGE = YES_ERROR;
				CLANG_WARN_DOCUMENTATION_COMMENTS = YES;
				CLANG_WARN_EMPTY_BODY = YES;
				CLANG_WARN_ENUM_CONVERSION = YES;
				CLANG_WARN_INFINITE_RECURSION = YES;
				CLANG_WARN_INT_CONVERSION = YES;
				CLANG_WARN_NON_LITERAL_NULL_CONVERSION = YES;
				CLANG_WARN_OBJC_IMPLICIT_RETAIN_SELF = YES;
				CLANG_WARN_OBJC_LITERAL_CONVERSION = YES;
				CLANG_WARN_OBJC_ROOT_CLASS = YES_ERROR;
				CLANG_WARN_QUOTED_INCLUDE_IN_FRAMEWORK_HEADER = YES;
				CLANG_WARN_RANGE_LOOP_ANALYSIS = YES;
				CLANG_WARN_STRICT_PROTOTYPES = YES;
				CLANG_WARN_SUSPICIOUS_MOVE = YES;
				CLANG_WARN_UNGUARDED_AVAILABILITY = YES_AGGRESSIVE;
				CLANG_WARN_UNREACHABLE_CODE = YES;
				CLANG_WARN__DUPLICATE_METHOD_MATCH = YES;
				COPY_PHASE_STRIP = NO;
				DEBUG_INFORMATION_FORMAT = "dwarf-with-dsym";
				ENABLE_NS_ASSERTIONS = NO;
				ENABLE_STRICT_OBJC_MSGSEND = YES;
				GCC_C_LANGUAGE_STANDARD = gnu11;
				GCC_NO_COMMON_BLOCKS = YES;
				GCC_WARN_64_TO_32_BIT_CONVERSION = YES;
				GCC_WARN_ABOUT_RETURN_TYPE = YES_ERROR;
				GCC_WARN_UNDECLARED_SELECTOR = YES;
				GCC_WARN_UNINITIALIZED_AUTOS = YES_AGGRESSIVE;
				GCC_WARN_UNUSED_FUNCTION = YES;
				GCC_WARN_UNUSED_VARIABLE = YES;
				IPHONEOS_DEPLOYMENT_TARGET = 11.0;
				MTL_ENABLE_DEBUG_INFO = NO;
				MTL_FAST_MATH = YES;
				SDKROOT = iphoneos;
				SWIFT_COMPILATION_MODE = wholemodule;
				SWIFT_OPTIMIZATION_LEVEL = "-O";
				VALIDATE_PRODUCT = YES;
			};
			name = Release;
		};
		3B99D99525DE94A30061B834 /* Debug */ = {
			isa = XCBuildConfiguration;
			baseConfigurationReference = 843818547249A423D1430CAB /* Pods-Multikeyous.debug.xcconfig */;
			buildSettings = {
				ASSETCATALOG_COMPILER_APPICON_NAME = AppIcon;
				ASSETCATALOG_COMPILER_GLOBAL_ACCENT_COLOR_NAME = AccentColor;
				CODE_SIGN_STYLE = Automatic;
				DEVELOPMENT_TEAM = FCJEH875NK;
				INFOPLIST_FILE = Multikeyous/Info.plist;
				IPHONEOS_DEPLOYMENT_TARGET = 11.0;
				LD_RUNPATH_SEARCH_PATHS = (
					"$(inherited)",
					"@executable_path/Frameworks",
				);
				PRODUCT_BUNDLE_IDENTIFIER = com.dyddns.utiles.Multikeyous;
				PRODUCT_NAME = "$(TARGET_NAME)";
				SWIFT_VERSION = 5.0;
				TARGETED_DEVICE_FAMILY = "1,2";
			};
			name = Debug;
		};
		3B99D99625DE94A30061B834 /* Release */ = {
			isa = XCBuildConfiguration;
			baseConfigurationReference = 500CFFC034362F9364C3A663 /* Pods-Multikeyous.release.xcconfig */;
			buildSettings = {
				ASSETCATALOG_COMPILER_APPICON_NAME = AppIcon;
				ASSETCATALOG_COMPILER_GLOBAL_ACCENT_COLOR_NAME = AccentColor;
				CODE_SIGN_STYLE = Automatic;
				DEVELOPMENT_TEAM = FCJEH875NK;
				INFOPLIST_FILE = Multikeyous/Info.plist;
				IPHONEOS_DEPLOYMENT_TARGET = 11.0;
				LD_RUNPATH_SEARCH_PATHS = (
					"$(inherited)",
					"@executable_path/Frameworks",
				);
				PRODUCT_BUNDLE_IDENTIFIER = com.dyddns.utiles.Multikeyous;
				PRODUCT_NAME = "$(TARGET_NAME)";
				SWIFT_VERSION = 5.0;
				TARGETED_DEVICE_FAMILY = "1,2";
			};
			name = Release;
		};
		3B99D99825DE94A30061B834 /* Debug */ = {
			isa = XCBuildConfiguration;
			baseConfigurationReference = 4C3505866C6264439EEEC9EC /* Pods-MultikeyousTests.debug.xcconfig */;
			buildSettings = {
				ALWAYS_EMBED_SWIFT_STANDARD_LIBRARIES = "$(inherited)";
				BUNDLE_LOADER = "$(TEST_HOST)";
				CODE_SIGN_STYLE = Automatic;
				DEVELOPMENT_TEAM = FCJEH875NK;
				INFOPLIST_FILE = MultikeyousTests/Info.plist;
				IPHONEOS_DEPLOYMENT_TARGET = 14.4;
				LD_RUNPATH_SEARCH_PATHS = (
					"$(inherited)",
					"@executable_path/Frameworks",
					"@loader_path/Frameworks",
				);
				PRODUCT_BUNDLE_IDENTIFIER = com.dyddns.playd.MultikeyousTests;
				PRODUCT_NAME = "$(TARGET_NAME)";
				SWIFT_VERSION = 5.0;
				TARGETED_DEVICE_FAMILY = "1,2";
				TEST_HOST = "$(BUILT_PRODUCTS_DIR)/Multikeyous.app/Multikeyous";
			};
			name = Debug;
		};
		3B99D99925DE94A30061B834 /* Release */ = {
			isa = XCBuildConfiguration;
			baseConfigurationReference = 41842BBA385BC840924E7DF2 /* Pods-MultikeyousTests.release.xcconfig */;
			buildSettings = {
				ALWAYS_EMBED_SWIFT_STANDARD_LIBRARIES = "$(inherited)";
				BUNDLE_LOADER = "$(TEST_HOST)";
				CODE_SIGN_STYLE = Automatic;
				DEVELOPMENT_TEAM = FCJEH875NK;
				INFOPLIST_FILE = MultikeyousTests/Info.plist;
				IPHONEOS_DEPLOYMENT_TARGET = 14.4;
				LD_RUNPATH_SEARCH_PATHS = (
					"$(inherited)",
					"@executable_path/Frameworks",
					"@loader_path/Frameworks",
				);
				PRODUCT_BUNDLE_IDENTIFIER = com.dyddns.playd.MultikeyousTests;
				PRODUCT_NAME = "$(TARGET_NAME)";
				SWIFT_VERSION = 5.0;
				TARGETED_DEVICE_FAMILY = "1,2";
				TEST_HOST = "$(BUILT_PRODUCTS_DIR)/Multikeyous.app/Multikeyous";
			};
			name = Release;
		};
		3B99D99B25DE94A30061B834 /* Debug */ = {
			isa = XCBuildConfiguration;
			baseConfigurationReference = 1E161CC96C4E9B9980466ADD /* Pods-Multikeyous-MultikeyousUITests.debug.xcconfig */;
			buildSettings = {
				ALWAYS_EMBED_SWIFT_STANDARD_LIBRARIES = "$(inherited)";
				CODE_SIGN_STYLE = Automatic;
				DEVELOPMENT_TEAM = FCJEH875NK;
				INFOPLIST_FILE = MultikeyousUITests/Info.plist;
				LD_RUNPATH_SEARCH_PATHS = (
					"$(inherited)",
					"@executable_path/Frameworks",
					"@loader_path/Frameworks",
				);
				PRODUCT_BUNDLE_IDENTIFIER = com.dyddns.playd.MultikeyousUITests;
				PRODUCT_NAME = "$(TARGET_NAME)";
				SWIFT_VERSION = 5.0;
				TARGETED_DEVICE_FAMILY = "1,2";
				TEST_TARGET_NAME = Multikeyous;
			};
			name = Debug;
		};
		3B99D99C25DE94A30061B834 /* Release */ = {
			isa = XCBuildConfiguration;
			baseConfigurationReference = DA587ADE572FB928319582BA /* Pods-Multikeyous-MultikeyousUITests.release.xcconfig */;
			buildSettings = {
				ALWAYS_EMBED_SWIFT_STANDARD_LIBRARIES = "$(inherited)";
				CODE_SIGN_STYLE = Automatic;
				DEVELOPMENT_TEAM = FCJEH875NK;
				INFOPLIST_FILE = MultikeyousUITests/Info.plist;
				LD_RUNPATH_SEARCH_PATHS = (
					"$(inherited)",
					"@executable_path/Frameworks",
					"@loader_path/Frameworks",
				);
				PRODUCT_BUNDLE_IDENTIFIER = com.dyddns.playd.MultikeyousUITests;
				PRODUCT_NAME = "$(TARGET_NAME)";
				SWIFT_VERSION = 5.0;
				TARGETED_DEVICE_FAMILY = "1,2";
				TEST_TARGET_NAME = Multikeyous;
			};
			name = Release;
		};
/* End XCBuildConfiguration section */

/* Begin XCConfigurationList section */
		3B99D96525DE94A20061B834 /* Build configuration list for PBXProject "Multikeyous" */ = {
			isa = XCConfigurationList;
			buildConfigurations = (
				3B99D99225DE94A30061B834 /* Debug */,
				3B99D99325DE94A30061B834 /* Release */,
			);
			defaultConfigurationIsVisible = 0;
			defaultConfigurationName = Release;
		};
		3B99D99425DE94A30061B834 /* Build configuration list for PBXNativeTarget "Multikeyous" */ = {
			isa = XCConfigurationList;
			buildConfigurations = (
				3B99D99525DE94A30061B834 /* Debug */,
				3B99D99625DE94A30061B834 /* Release */,
			);
			defaultConfigurationIsVisible = 0;
			defaultConfigurationName = Release;
		};
		3B99D99725DE94A30061B834 /* Build configuration list for PBXNativeTarget "MultikeyousTests" */ = {
			isa = XCConfigurationList;
			buildConfigurations = (
				3B99D99825DE94A30061B834 /* Debug */,
				3B99D99925DE94A30061B834 /* Release */,
			);
			defaultConfigurationIsVisible = 0;
			defaultConfigurationName = Release;
		};
		3B99D99A25DE94A30061B834 /* Build configuration list for PBXNativeTarget "MultikeyousUITests" */ = {
			isa = XCConfigurationList;
			buildConfigurations = (
				3B99D99B25DE94A30061B834 /* Debug */,
				3B99D99C25DE94A30061B834 /* Release */,
			);
			defaultConfigurationIsVisible = 0;
			defaultConfigurationName = Release;
		};
/* End XCConfigurationList section */
	};
	rootObject = 3B99D96225DE94A20061B834 /* Project object */;
}
